
Microsoft Visual Studio Solution File, Format Version 11.00
# Visual Studio 2010
Project("{FAE04EC0-301F-11D3-BF4B-00C04F79EFBC}") = "Exercise_Resolve_again", "Exercise_Resolve_again\Exercise_Resolve_again.csproj", "{C65ABC09-C20D-4420-9FB7-52F916BE4C6F}"
EndProject
Project("{FAE04EC0-301F-11D3-BF4B-00C04F79EFBC}") = "ResolveExerciseString", "ResolveExerciseString\ResolveExerciseString.csproj", "{89B23D44-5E61-4B01-803C-C24EB2DF3559}"
EndProject
Global
	GlobalSection(SolutionConfigurationPlatforms) = preSolution
		Debug|Any CPU = Debug|Any CPU
		Debug|Mixed Platforms = Debug|Mixed Platforms
		Debug|x86 = Debug|x86
		Release|Any CPU = Release|Any CPU
		Release|Mixed Platforms = Release|Mixed Platforms
		Release|x86 = Release|x86
	EndGlobalSection
	GlobalSection(ProjectConfigurationPlatforms) = postSolution
		{C65ABC09-C20D-4420-9FB7-52F916BE4C6F}.Debug|Any CPU.ActiveCfg = Debug|x86
		{C65ABC09-C20D-4420-9FB7-52F916BE4C6F}.Debug|Mixed Platforms.ActiveCfg = Debug|x86
		{C65ABC09-C20D-4420-9FB7-52F916BE4C6F}.Debug|Mixed Platforms.Build.0 = Debug|x86
		{C65ABC09-C20D-4420-9FB7-52F916BE4C6F}.Debug|x86.ActiveCfg = Debug|x86
		{C65ABC09-C20D-4420-9FB7-52F916BE4C6F}.Debug|x86.Build.0 = Debug|x86
		{C65ABC09-C20D-4420-9FB7-52F916BE4C6F}.Release|Any CPU.ActiveCfg = Release|x86
		{C65ABC09-C20D-4420-9FB7-52F916BE4C6F}.Release|Mixed Platforms.ActiveCfg = Release|x86
		{C65ABC09-C20D-4420-9FB7-52F916BE4C6F}.Release|Mixed Platforms.Build.0 = Release|x86
		{C65ABC09-C20D-4420-9FB7-52F916BE4C6F}.Release|x86.ActiveCfg = Release|x86
		{C65ABC09-C20D-4420-9FB7-52F916BE4C6F}.Release|x86.Build.0 = Release|x86
		{89B23D44-5E61-4B01-803C-C24EB2DF3559}.Debug|Any CPU.ActiveCfg = Debug|Any CPU
		{89B23D44-5E61-4B01-803C-C24EB2DF3559}.Debug|Any CPU.Build.0 = Debug|Any CPU
		{89B23D44-5E61-4B01-803C-C24EB2DF3559}.Debug|Mixed Platforms.ActiveCfg = Debug|Any CPU
		{89B23D44-5E61-4B01-803C-C24EB2DF3559}.Debug|Mixed Platforms.Build.0 = Debug|Any CPU
		{89B23D44-5E61-4B01-803C-C24EB2DF3559}.Debug|x86.ActiveCfg = Debug|Any CPU
		{89B23D44-5E61-4B01-803C-C24EB2DF3559}.Release|Any CPU.ActiveCfg = Release|Any CPU
		{89B23D44-5E61-4B01-803C-C24EB2DF3559}.Release|Any CPU.Build.0 = Release|Any CPU
		{89B23D44-5E61-4B01-803C-C24EB2DF3559}.Release|Mixed Platforms.ActiveCfg = Release|Any CPU
		{89B23D44-5E61-4B01-803C-C24EB2DF3559}.Release|Mixed Platforms.Build.0 = Release|Any CPU
		{89B23D44-5E61-4B01-803C-C24EB2DF3559}.Release|x86.ActiveCfg = Release|Any CPU
	EndGlobalSection
	GlobalSection(SolutionProperties) = preSolution
		HideSolutionNode = FALSE
	EndGlobalSection
EndGlobal
