
Microsoft Visual Studio Solution File, Format Version 11.00
# Visual Studio 2010
Project("{8BC9CEB8-8B4A-11D0-8D11-00A0C91BC942}") = "Exercise_resolve", "Exercise_resolve\Exercise_resolve.vcxproj", "{DEE8CB62-CFE4-494E-BD36-773C5725969C}"
EndProject
Global
	GlobalSection(SolutionConfigurationPlatforms) = preSolution
		Debug|Win32 = Debug|Win32
		Release|Win32 = Release|Win32
	EndGlobalSection
	GlobalSection(ProjectConfigurationPlatforms) = postSolution
		{DEE8CB62-CFE4-494E-BD36-773C5725969C}.Debug|Win32.ActiveCfg = Debug|Win32
		{DEE8CB62-CFE4-494E-BD36-773C5725969C}.Debug|Win32.Build.0 = Debug|Win32
		{DEE8CB62-CFE4-494E-BD36-773C5725969C}.Release|Win32.ActiveCfg = Release|Win32
		{DEE8CB62-CFE4-494E-BD36-773C5725969C}.Release|Win32.Build.0 = Release|Win32
	EndGlobalSection
	GlobalSection(SolutionProperties) = preSolution
		HideSolutionNode = FALSE
	EndGlobalSection
EndGlobal
