
Microsoft Visual Studio Solution File, Format Version 11.00
# Visual Studio 2010
Project("{FAE04EC0-301F-11D3-BF4B-00C04F79EFBC}") = "Exercise_Resolve_again", "Exercise_Resolve_again\Exercise_Resolve_again.csproj", "{C65ABC09-C20D-4420-9FB7-52F916BE4C6F}"
EndProject
Global
	GlobalSection(SolutionConfigurationPlatforms) = preSolution
		Debug|x86 = Debug|x86
		Release|x86 = Release|x86
	EndGlobalSection
	GlobalSection(ProjectConfigurationPlatforms) = postSolution
		{C65ABC09-C20D-4420-9FB7-52F916BE4C6F}.Debug|x86.ActiveCfg = Debug|x86
		{C65ABC09-C20D-4420-9FB7-52F916BE4C6F}.Debug|x86.Build.0 = Debug|x86
		{C65ABC09-C20D-4420-9FB7-52F916BE4C6F}.Release|x86.ActiveCfg = Release|x86
		{C65ABC09-C20D-4420-9FB7-52F916BE4C6F}.Release|x86.Build.0 = Release|x86
	EndGlobalSection
	GlobalSection(SolutionProperties) = preSolution
		HideSolutionNode = FALSE
	EndGlobalSection
EndGlobal
